
Microsoft Visual Studio Solution File, Format Version 12.00
# Visual Studio Version 17
VisualStudioVersion = 17.8.34322.80
MinimumVisualStudioVersion = 10.0.40219.1
Project("{888888A0-9F3D-457C-B088-3A5042F75D52}") = "Encrypted-Messaging-App", "Encrypted-Messaging-App.pyproj", "{8C36648E-5F61-48EA-9E63-4911D4923FB6}"
EndProject
Global
	GlobalSection(SolutionConfigurationPlatforms) = preSolution
		Debug|Any CPU = Debug|Any CPU
		Release|Any CPU = Release|Any CPU
	EndGlobalSection
	GlobalSection(ProjectConfigurationPlatforms) = postSolution
		{8C36648E-5F61-48EA-9E63-4911D4923FB6}.Debug|Any CPU.ActiveCfg = Debug|Any CPU
		{8C36648E-5F61-48EA-9E63-4911D4923FB6}.Release|Any CPU.ActiveCfg = Release|Any CPU
	EndGlobalSection
	GlobalSection(SolutionProperties) = preSolution
		HideSolutionNode = FALSE
	EndGlobalSection
	GlobalSection(ExtensibilityGlobals) = postSolution
		SolutionGuid = {932A914A-DD01-48F0-9404-542C7CC9D8F5}
	EndGlobalSection
EndGlobal
